
Microsoft Visual Studio Solution File, Format Version 12.00
# Visual Studio Version 16
VisualStudioVersion = 16.6.30114.105
MinimumVisualStudioVersion = 10.0.40219.1
Project("{FAE04EC0-301F-11D3-BF4B-00C04F79EFBC}") = "XMLDevourer", "XMLDevourer\XMLDevourer.csproj", "{270B2C8B-07E7-4095-A790-DA78C3A44732}"
EndProject
Project("{FAE04EC0-301F-11D3-BF4B-00C04F79EFBC}") = "XMLDevourer.Tests", "XMLDevourer.Tests\XMLDevourer.Tests.csproj", "{4B5AE3D9-15DB-4FC9-8298-F6F70BBD6880}"
EndProject
Global
	GlobalSection(SolutionConfigurationPlatforms) = preSolution
		Debug|Any CPU = Debug|Any CPU
		Debug|x64 = Debug|x64
		Debug|x86 = Debug|x86
		Release|Any CPU = Release|Any CPU
		Release|x64 = Release|x64
		Release|x86 = Release|x86
	EndGlobalSection
	GlobalSection(SolutionProperties) = preSolution
		HideSolutionNode = FALSE
	EndGlobalSection
	GlobalSection(ProjectConfigurationPlatforms) = postSolution
		{270B2C8B-07E7-4095-A790-DA78C3A44732}.Debug|Any CPU.ActiveCfg = Debug|Any CPU
		{270B2C8B-07E7-4095-A790-DA78C3A44732}.Debug|Any CPU.Build.0 = Debug|Any CPU
		{270B2C8B-07E7-4095-A790-DA78C3A44732}.Debug|x64.ActiveCfg = Debug|Any CPU
		{270B2C8B-07E7-4095-A790-DA78C3A44732}.Debug|x64.Build.0 = Debug|Any CPU
		{270B2C8B-07E7-4095-A790-DA78C3A44732}.Debug|x86.ActiveCfg = Debug|Any CPU
		{270B2C8B-07E7-4095-A790-DA78C3A44732}.Debug|x86.Build.0 = Debug|Any CPU
		{270B2C8B-07E7-4095-A790-DA78C3A44732}.Release|Any CPU.ActiveCfg = Release|Any CPU
		{270B2C8B-07E7-4095-A790-DA78C3A44732}.Release|Any CPU.Build.0 = Release|Any CPU
		{270B2C8B-07E7-4095-A790-DA78C3A44732}.Release|x64.ActiveCfg = Release|Any CPU
		{270B2C8B-07E7-4095-A790-DA78C3A44732}.Release|x64.Build.0 = Release|Any CPU
		{270B2C8B-07E7-4095-A790-DA78C3A44732}.Release|x86.ActiveCfg = Release|Any CPU
		{270B2C8B-07E7-4095-A790-DA78C3A44732}.Release|x86.Build.0 = Release|Any CPU
		{4B5AE3D9-15DB-4FC9-8298-F6F70BBD6880}.Debug|Any CPU.ActiveCfg = Debug|Any CPU
		{4B5AE3D9-15DB-4FC9-8298-F6F70BBD6880}.Debug|Any CPU.Build.0 = Debug|Any CPU
		{4B5AE3D9-15DB-4FC9-8298-F6F70BBD6880}.Debug|x64.ActiveCfg = Debug|Any CPU
		{4B5AE3D9-15DB-4FC9-8298-F6F70BBD6880}.Debug|x64.Build.0 = Debug|Any CPU
		{4B5AE3D9-15DB-4FC9-8298-F6F70BBD6880}.Debug|x86.ActiveCfg = Debug|Any CPU
		{4B5AE3D9-15DB-4FC9-8298-F6F70BBD6880}.Debug|x86.Build.0 = Debug|Any CPU
		{4B5AE3D9-15DB-4FC9-8298-F6F70BBD6880}.Release|Any CPU.ActiveCfg = Release|Any CPU
		{4B5AE3D9-15DB-4FC9-8298-F6F70BBD6880}.Release|Any CPU.Build.0 = Release|Any CPU
		{4B5AE3D9-15DB-4FC9-8298-F6F70BBD6880}.Release|x64.ActiveCfg = Release|Any CPU
		{4B5AE3D9-15DB-4FC9-8298-F6F70BBD6880}.Release|x64.Build.0 = Release|Any CPU
		{4B5AE3D9-15DB-4FC9-8298-F6F70BBD6880}.Release|x86.ActiveCfg = Release|Any CPU
		{4B5AE3D9-15DB-4FC9-8298-F6F70BBD6880}.Release|x86.Build.0 = Release|Any CPU
	EndGlobalSection
EndGlobal
